
Microsoft Visual Studio Solution File, Format Version 12.00
# Visual Studio Version 17
VisualStudioVersion = 17.11.35327.3
MinimumVisualStudioVersion = 10.0.40219.1
Project("{FAE04EC0-301F-11D3-BF4B-00C04F79EFBC}") = "FoodBux Restaurent", "FoodBux Restaurent.csproj", "{74F7854C-6463-4B86-AC69-7EC1E54AA48D}"
EndProject
Global
	GlobalSection(SolutionConfigurationPlatforms) = preSolution
		Debug|Any CPU = Debug|Any CPU
		Release|Any CPU = Release|Any CPU
	EndGlobalSection
	GlobalSection(ProjectConfigurationPlatforms) = postSolution
		{74F7854C-6463-4B86-AC69-7EC1E54AA48D}.Debug|Any CPU.ActiveCfg = Debug|Any CPU
		{74F7854C-6463-4B86-AC69-7EC1E54AA48D}.Debug|Any CPU.Build.0 = Debug|Any CPU
		{74F7854C-6463-4B86-AC69-7EC1E54AA48D}.Release|Any CPU.ActiveCfg = Release|Any CPU
		{74F7854C-6463-4B86-AC69-7EC1E54AA48D}.Release|Any CPU.Build.0 = Release|Any CPU
	EndGlobalSection
	GlobalSection(SolutionProperties) = preSolution
		HideSolutionNode = FALSE
	EndGlobalSection
	GlobalSection(ExtensibilityGlobals) = postSolution
		SolutionGuid = {6D868693-3729-42DD-8033-5B379A012B4E}
	EndGlobalSection
EndGlobal
